
Microsoft Visual Studio Solution File, Format Version 12.00
# Visual Studio Version 17
VisualStudioVersion = 17.0.32014.148
MinimumVisualStudioVersion = 10.0.40219.1
Project("{FAE04EC0-301F-11D3-BF4B-00C04F79EFBC}") = "WebAPI", "WebAPI\WebAPI.csproj", "{7276F7D1-C589-4981-AB1C-F2AC5B5B6D42}"
EndProject
Project("{FAE04EC0-301F-11D3-BF4B-00C04F79EFBC}") = "Domain", "Domain\Domain.csproj", "{9296D0DA-0922-4A3F-9890-FA90E955691E}"
EndProject
Project("{FAE04EC0-301F-11D3-BF4B-00C04F79EFBC}") = "DataAccess.EFCore", "DataAccess.EFCore\DataAccess.EFCore.csproj", "{D8756F03-69F3-445C-872F-5DF21D9A8C7E}"
EndProject
Global
	GlobalSection(SolutionConfigurationPlatforms) = preSolution
		Debug|Any CPU = Debug|Any CPU
		Release|Any CPU = Release|Any CPU
	EndGlobalSection
	GlobalSection(ProjectConfigurationPlatforms) = postSolution
		{7276F7D1-C589-4981-AB1C-F2AC5B5B6D42}.Debug|Any CPU.ActiveCfg = Debug|Any CPU
		{7276F7D1-C589-4981-AB1C-F2AC5B5B6D42}.Debug|Any CPU.Build.0 = Debug|Any CPU
		{7276F7D1-C589-4981-AB1C-F2AC5B5B6D42}.Release|Any CPU.ActiveCfg = Release|Any CPU
		{7276F7D1-C589-4981-AB1C-F2AC5B5B6D42}.Release|Any CPU.Build.0 = Release|Any CPU
		{9296D0DA-0922-4A3F-9890-FA90E955691E}.Debug|Any CPU.ActiveCfg = Debug|Any CPU
		{9296D0DA-0922-4A3F-9890-FA90E955691E}.Debug|Any CPU.Build.0 = Debug|Any CPU
		{9296D0DA-0922-4A3F-9890-FA90E955691E}.Release|Any CPU.ActiveCfg = Release|Any CPU
		{9296D0DA-0922-4A3F-9890-FA90E955691E}.Release|Any CPU.Build.0 = Release|Any CPU
		{D8756F03-69F3-445C-872F-5DF21D9A8C7E}.Debug|Any CPU.ActiveCfg = Debug|Any CPU
		{D8756F03-69F3-445C-872F-5DF21D9A8C7E}.Debug|Any CPU.Build.0 = Debug|Any CPU
		{D8756F03-69F3-445C-872F-5DF21D9A8C7E}.Release|Any CPU.ActiveCfg = Release|Any CPU
		{D8756F03-69F3-445C-872F-5DF21D9A8C7E}.Release|Any CPU.Build.0 = Release|Any CPU
	EndGlobalSection
	GlobalSection(SolutionProperties) = preSolution
		HideSolutionNode = FALSE
	EndGlobalSection
	GlobalSection(ExtensibilityGlobals) = postSolution
		SolutionGuid = {EBAE1FCA-3B98-43C9-ABB0-FDDAD48C25A2}
	EndGlobalSection
EndGlobal
